// !$*UTF8*$!
{
	archiveVersion = 1;
	classes = {
	};
	objectVersion = 50;
	objects = {

/* Begin PBXBuildFile section */
		113F0DF6294BB25900CAE142 /* AppDelegate.swift in Sources */ = {isa = PBXBuildFile; fileRef = 113F0DF5294BB25900CAE142 /* AppDelegate.swift */; };
		113F0DF8294BB25900CAE142 /* SceneDelegate.swift in Sources */ = {isa = PBXBuildFile; fileRef = 113F0DF7294BB25900CAE142 /* SceneDelegate.swift */; };
		113F0DFA294BB25900CAE142 /* ViewController.swift in Sources */ = {isa = PBXBuildFile; fileRef = 113F0DF9294BB25900CAE142 /* ViewController.swift */; };
		113F0DFD294BB25900CAE142 /* Main.storyboard in Resources */ = {isa = PBXBuildFile; fileRef = 113F0DFB294BB25900CAE142 /* Main.storyboard */; };
		113F0DFF294BB25A00CAE142 /* Assets.xcassets in Resources */ = {isa = PBXBuildFile; fileRef = 113F0DFE294BB25A00CAE142 /* Assets.xcassets */; };
		113F0E02294BB25A00CAE142 /* LaunchScreen.storyboard in Resources */ = {isa = PBXBuildFile; fileRef = 113F0E00294BB25A00CAE142 /* LaunchScreen.storyboard */; };
		113F0E23294BB32C00CAE142 /* spain@2x.png in Resources */ = {isa = PBXBuildFile; fileRef = 113F0E0B294BB32C00CAE142 /* spain@2x.png */; };
		113F0E24294BB32C00CAE142 /* nigeria@2x.png in Resources */ = {isa = PBXBuildFile; fileRef = 113F0E0C294BB32C00CAE142 /* nigeria@2x.png */; };
		113F0E25294BB32C00CAE142 /* nigeria@3x.png in Resources */ = {isa = PBXBuildFile; fileRef = 113F0E0D294BB32C00CAE142 /* nigeria@3x.png */; };
		113F0E26294BB32C00CAE142 /* spain@3x.png in Resources */ = {isa = PBXBuildFile; fileRef = 113F0E0E294BB32C00CAE142 /* spain@3x.png */; };
		113F0E27294BB32C00CAE142 /* italy@3x.png in Resources */ = {isa = PBXBuildFile; fileRef = 113F0E0F294BB32C00CAE142 /* italy@3x.png */; };
		113F0E28294BB32C00CAE142 /* ireland@2x.png in Resources */ = {isa = PBXBuildFile; fileRef = 113F0E10294BB32C00CAE142 /* ireland@2x.png */; };
		113F0E29294BB32C00CAE142 /* germany@3x.png in Resources */ = {isa = PBXBuildFile; fileRef = 113F0E11294BB32C00CAE142 /* germany@3x.png */; };
		113F0E2A294BB32C00CAE142 /* germany@2x.png in Resources */ = {isa = PBXBuildFile; fileRef = 113F0E12294BB32C00CAE142 /* germany@2x.png */; };
		113F0E2B294BB32C00CAE142 /* ireland@3x.png in Resources */ = {isa = PBXBuildFile; fileRef = 113F0E13294BB32C00CAE142 /* ireland@3x.png */; };
		113F0E2C294BB32C00CAE142 /* italy@2x.png in Resources */ = {isa = PBXBuildFile; fileRef = 113F0E14294BB32C00CAE142 /* italy@2x.png */; };
		113F0E2D294BB32C00CAE142 /* poland@2x.png in Resources */ = {isa = PBXBuildFile; fileRef = 113F0E15294BB32C00CAE142 /* poland@2x.png */; };
		113F0E2E294BB32C00CAE142 /* russia@2x.png in Resources */ = {isa = PBXBuildFile; fileRef = 113F0E16294BB32C00CAE142 /* russia@2x.png */; };
		113F0E2F294BB32C00CAE142 /* estonia@2x.png in Resources */ = {isa = PBXBuildFile; fileRef = 113F0E17294BB32C00CAE142 /* estonia@2x.png */; };
		113F0E30294BB32C00CAE142 /* estonia@3x.png in Resources */ = {isa = PBXBuildFile; fileRef = 113F0E18294BB32C00CAE142 /* estonia@3x.png */; };
		113F0E31294BB32C00CAE142 /* russia@3x.png in Resources */ = {isa = PBXBuildFile; fileRef = 113F0E19294BB32C00CAE142 /* russia@3x.png */; };
		113F0E32294BB32C00CAE142 /* poland@3x.png in Resources */ = {isa = PBXBuildFile; fileRef = 113F0E1A294BB32C00CAE142 /* poland@3x.png */; };
		113F0E33294BB32C00CAE142 /* uk@3x.png in Resources */ = {isa = PBXBuildFile; fileRef = 113F0E1B294BB32C00CAE142 /* uk@3x.png */; };
		113F0E34294BB32C00CAE142 /* us@3x.png in Resources */ = {isa = PBXBuildFile; fileRef = 113F0E1C294BB32C00CAE142 /* us@3x.png */; };
		113F0E35294BB32C00CAE142 /* france@3x.png in Resources */ = {isa = PBXBuildFile; fileRef = 113F0E1D294BB32C00CAE142 /* france@3x.png */; };
		113F0E36294BB32C00CAE142 /* monaco@2x.png in Resources */ = {isa = PBXBuildFile; fileRef = 113F0E1E294BB32C00CAE142 /* monaco@2x.png */; };
		113F0E37294BB32C00CAE142 /* monaco@3x.png in Resources */ = {isa = PBXBuildFile; fileRef = 113F0E1F294BB32C00CAE142 /* monaco@3x.png */; };
		113F0E38294BB32C00CAE142 /* france@2x.png in Resources */ = {isa = PBXBuildFile; fileRef = 113F0E20294BB32C00CAE142 /* france@2x.png */; };
		113F0E39294BB32C00CAE142 /* us@2x.png in Resources */ = {isa = PBXBuildFile; fileRef = 113F0E21294BB32C00CAE142 /* us@2x.png */; };
		113F0E3A294BB32C00CAE142 /* uk@2x.png in Resources */ = {isa = PBXBuildFile; fileRef = 113F0E22294BB32C00CAE142 /* uk@2x.png */; };
		113F0E3D294BB62900CAE142 /* DetailViewController.swift in Sources */ = {isa = PBXBuildFile; fileRef = 113F0E3C294BB62900CAE142 /* DetailViewController.swift */; };
/* End PBXBuildFile section */

/* Begin PBXFileReference section */
		113F0DF2294BB25900CAE142 /* Ministone.app */ = {isa = PBXFileReference; explicitFileType = wrapper.application; includeInIndex = 0; path = Ministone.app; sourceTree = BUILT_PRODUCTS_DIR; };
		113F0DF5294BB25900CAE142 /* AppDelegate.swift */ = {isa = PBXFileReference; lastKnownFileType = sourcecode.swift; path = AppDelegate.swift; sourceTree = "<group>"; };
		113F0DF7294BB25900CAE142 /* SceneDelegate.swift */ = {isa = PBXFileReference; lastKnownFileType = sourcecode.swift; path = SceneDelegate.swift; sourceTree = "<group>"; };
		113F0DF9294BB25900CAE142 /* ViewController.swift */ = {isa = PBXFileReference; lastKnownFileType = sourcecode.swift; path = ViewController.swift; sourceTree = "<group>"; };
		113F0DFC294BB25900CAE142 /* Base */ = {isa = PBXFileReference; lastKnownFileType = file.storyboard; name = Base; path = Base.lproj/Main.storyboard; sourceTree = "<group>"; };
		113F0DFE294BB25A00CAE142 /* Assets.xcassets */ = {isa = PBXFileReference; lastKnownFileType = folder.assetcatalog; path = Assets.xcassets; sourceTree = "<group>"; };
		113F0E01294BB25A00CAE142 /* Base */ = {isa = PBXFileReference; lastKnownFileType = file.storyboard; name = Base; path = Base.lproj/LaunchScreen.storyboard; sourceTree = "<group>"; };
		113F0E03294BB25A00CAE142 /* Info.plist */ = {isa = PBXFileReference; lastKnownFileType = text.plist.xml; path = Info.plist; sourceTree = "<group>"; };
		113F0E0B294BB32C00CAE142 /* spain@2x.png */ = {isa = PBXFileReference; lastKnownFileType = image.png; path = "spain@2x.png"; sourceTree = "<group>"; };
		113F0E0C294BB32C00CAE142 /* nigeria@2x.png */ = {isa = PBXFileReference; lastKnownFileType = image.png; path = "nigeria@2x.png"; sourceTree = "<group>"; };
		113F0E0D294BB32C00CAE142 /* nigeria@3x.png */ = {isa = PBXFileReference; lastKnownFileType = image.png; path = "nigeria@3x.png"; sourceTree = "<group>"; };
		113F0E0E294BB32C00CAE142 /* spain@3x.png */ = {isa = PBXFileReference; lastKnownFileType = image.png; path = "spain@3x.png"; sourceTree = "<group>"; };
		113F0E0F294BB32C00CAE142 /* italy@3x.png */ = {isa = PBXFileReference; lastKnownFileType = image.png; path = "italy@3x.png"; sourceTree = "<group>"; };
		113F0E10294BB32C00CAE142 /* ireland@2x.png */ = {isa = PBXFileReference; lastKnownFileType = image.png; path = "ireland@2x.png"; sourceTree = "<group>"; };
		113F0E11294BB32C00CAE142 /* germany@3x.png */ = {isa = PBXFileReference; lastKnownFileType = image.png; path = "germany@3x.png"; sourceTree = "<group>"; };
		113F0E12294BB32C00CAE142 /* germany@2x.png */ = {isa = PBXFileReference; lastKnownFileType = image.png; path = "germany@2x.png"; sourceTree = "<group>"; };
		113F0E13294BB32C00CAE142 /* ireland@3x.png */ = {isa = PBXFileReference; lastKnownFileType = image.png; path = "ireland@3x.png"; sourceTree = "<group>"; };
		113F0E14294BB32C00CAE142 /* italy@2x.png */ = {isa = PBXFileReference; lastKnownFileType = image.png; path = "italy@2x.png"; sourceTree = "<group>"; };
		113F0E15294BB32C00CAE142 /* poland@2x.png */ = {isa = PBXFileReference; lastKnownFileType = image.png; path = "poland@2x.png"; sourceTree = "<group>"; };
		113F0E16294BB32C00CAE142 /* russia@2x.png */ = {isa = PBXFileReference; lastKnownFileType = image.png; path = "russia@2x.png"; sourceTree = "<group>"; };
		113F0E17294BB32C00CAE142 /* estonia@2x.png */ = {isa = PBXFileReference; lastKnownFileType = image.png; path = "estonia@2x.png"; sourceTree = "<group>"; };
		113F0E18294BB32C00CAE142 /* estonia@3x.png */ = {isa = PBXFileReference; lastKnownFileType = image.png; path = "estonia@3x.png"; sourceTree = "<group>"; };
		113F0E19294BB32C00CAE142 /* russia@3x.png */ = {isa = PBXFileReference; lastKnownFileType = image.png; path = "russia@3x.png"; sourceTree = "<group>"; };
		113F0E1A294BB32C00CAE142 /* poland@3x.png */ = {isa = PBXFileReference; lastKnownFileType = image.png; path = "poland@3x.png"; sourceTree = "<group>"; };
		113F0E1B294BB32C00CAE142 /* uk@3x.png */ = {isa = PBXFileReference; lastKnownFileType = image.png; path = "uk@3x.png"; sourceTree = "<group>"; };
		113F0E1C294BB32C00CAE142 /* us@3x.png */ = {isa = PBXFileReference; lastKnownFileType = image.png; path = "us@3x.png"; sourceTree = "<group>"; };
		113F0E1D294BB32C00CAE142 /* france@3x.png */ = {isa = PBXFileReference; lastKnownFileType = image.png; path = "france@3x.png"; sourceTree = "<group>"; };
		113F0E1E294BB32C00CAE142 /* monaco@2x.png */ = {isa = PBXFileReference; lastKnownFileType = image.png; path = "monaco@2x.png"; sourceTree = "<group>"; };
		113F0E1F294BB32C00CAE142 /* monaco@3x.png */ = {isa = PBXFileReference; lastKnownFileType = image.png; path = "monaco@3x.png"; sourceTree = "<group>"; };
		113F0E20294BB32C00CAE142 /* france@2x.png */ = {isa = PBXFileReference; lastKnownFileType = image.png; path = "france@2x.png"; sourceTree = "<group>"; };
		113F0E21294BB32C00CAE142 /* us@2x.png */ = {isa = PBXFileReference; lastKnownFileType = image.png; path = "us@2x.png"; sourceTree = "<group>"; };
		113F0E22294BB32C00CAE142 /* uk@2x.png */ = {isa = PBXFileReference; lastKnownFileType = image.png; path = "uk@2x.png"; sourceTree = "<group>"; };
		113F0E3C294BB62900CAE142 /* DetailViewController.swift */ = {isa = PBXFileReference; lastKnownFileType = sourcecode.swift; path = DetailViewController.swift; sourceTree = "<group>"; };
/* End PBXFileReference section */

/* Begin PBXFrameworksBuildPhase section */
		113F0DEF294BB25900CAE142 /* Frameworks */ = {
			isa = PBXFrameworksBuildPhase;
			buildActionMask = 2147483647;
			files = (
			);
			runOnlyForDeploymentPostprocessing = 0;
		};
/* End PBXFrameworksBuildPhase section */

/* Begin PBXGroup section */
		113F0DE9294BB25900CAE142 = {
			isa = PBXGroup;
			children = (
				113F0DF4294BB25900CAE142 /* Ministone */,
				113F0DF3294BB25900CAE142 /* Products */,
			);
			sourceTree = "<group>";
		};
		113F0DF3294BB25900CAE142 /* Products */ = {
			isa = PBXGroup;
			children = (
				113F0DF2294BB25900CAE142 /* Ministone.app */,
			);
			name = Products;
			sourceTree = "<group>";
		};
		113F0DF4294BB25900CAE142 /* Ministone */ = {
			isa = PBXGroup;
			children = (
				113F0DF5294BB25900CAE142 /* AppDelegate.swift */,
				113F0DF7294BB25900CAE142 /* SceneDelegate.swift */,
				113F0DF9294BB25900CAE142 /* ViewController.swift */,
				113F0E3C294BB62900CAE142 /* DetailViewController.swift */,
				113F0DFB294BB25900CAE142 /* Main.storyboard */,
				113F0DFE294BB25A00CAE142 /* Assets.xcassets */,
				113F0E00294BB25A00CAE142 /* LaunchScreen.storyboard */,
				113F0E03294BB25A00CAE142 /* Info.plist */,
				113F0E0A294BB32C00CAE142 /* project2-files */,
			);
			path = Ministone;
			sourceTree = "<group>";
		};
		113F0E0A294BB32C00CAE142 /* project2-files */ = {
			isa = PBXGroup;
			children = (
				113F0E0B294BB32C00CAE142 /* spain@2x.png */,
				113F0E0C294BB32C00CAE142 /* nigeria@2x.png */,
				113F0E0D294BB32C00CAE142 /* nigeria@3x.png */,
				113F0E0E294BB32C00CAE142 /* spain@3x.png */,
				113F0E0F294BB32C00CAE142 /* italy@3x.png */,
				113F0E10294BB32C00CAE142 /* ireland@2x.png */,
				113F0E11294BB32C00CAE142 /* germany@3x.png */,
				113F0E12294BB32C00CAE142 /* germany@2x.png */,
				113F0E13294BB32C00CAE142 /* ireland@3x.png */,
				113F0E14294BB32C00CAE142 /* italy@2x.png */,
				113F0E15294BB32C00CAE142 /* poland@2x.png */,
				113F0E16294BB32C00CAE142 /* russia@2x.png */,
				113F0E17294BB32C00CAE142 /* estonia@2x.png */,
				113F0E18294BB32C00CAE142 /* estonia@3x.png */,
				113F0E19294BB32C00CAE142 /* russia@3x.png */,
				113F0E1A294BB32C00CAE142 /* poland@3x.png */,
				113F0E1B294BB32C00CAE142 /* uk@3x.png */,
				113F0E1C294BB32C00CAE142 /* us@3x.png */,
				113F0E1D294BB32C00CAE142 /* france@3x.png */,
				113F0E1E294BB32C00CAE142 /* monaco@2x.png */,
				113F0E1F294BB32C00CAE142 /* monaco@3x.png */,
				113F0E20294BB32C00CAE142 /* france@2x.png */,
				113F0E21294BB32C00CAE142 /* us@2x.png */,
				113F0E22294BB32C00CAE142 /* uk@2x.png */,
			);
			path = "project2-files";
			sourceTree = "<group>";
		};
/* End PBXGroup section */

/* Begin PBXNativeTarget section */
		113F0DF1294BB25900CAE142 /* Ministone */ = {
			isa = PBXNativeTarget;
			buildConfigurationList = 113F0E06294BB25A00CAE142 /* Build configuration list for PBXNativeTarget "Ministone" */;
			buildPhases = (
				113F0DEE294BB25900CAE142 /* Sources */,
				113F0DEF294BB25900CAE142 /* Frameworks */,
				113F0DF0294BB25900CAE142 /* Resources */,
			);
			buildRules = (
			);
			dependencies = (
			);
			name = Ministone;
			productName = Ministone;
			productReference = 113F0DF2294BB25900CAE142 /* Ministone.app */;
			productType = "com.apple.product-type.application";
		};
/* End PBXNativeTarget section */

/* Begin PBXProject section */
		113F0DEA294BB25900CAE142 /* Project object */ = {
			isa = PBXProject;
			attributes = {
				LastSwiftUpdateCheck = 1240;
				LastUpgradeCheck = 1240;
				TargetAttributes = {
					113F0DF1294BB25900CAE142 = {
						CreatedOnToolsVersion = 12.4;
					};
				};
			};
			buildConfigurationList = 113F0DED294BB25900CAE142 /* Build configuration list for PBXProject "Ministone" */;
			compatibilityVersion = "Xcode 9.3";
			developmentRegion = en;
			hasScannedForEncodings = 0;
			knownRegions = (
				en,
				Base,
			);
			mainGroup = 113F0DE9294BB25900CAE142;
			productRefGroup = 113F0DF3294BB25900CAE142 /* Products */;
			projectDirPath = "";
			projectRoot = "";
			targets = (
				113F0DF1294BB25900CAE142 /* Ministone */,
			);
		};
/* End PBXProject section */

/* Begin PBXResourcesBuildPhase section */
		113F0DF0294BB25900CAE142 /* Resources */ = {
			isa = PBXResourcesBuildPhase;
			buildActionMask = 2147483647;
			files = (
				113F0E37294BB32C00CAE142 /* monaco@3x.png in Resources */,
				113F0E24294BB32C00CAE142 /* nigeria@2x.png in Resources */,
				113F0E39294BB32C00CAE142 /* us@2x.png in Resources */,
				113F0E25294BB32C00CAE142 /* nigeria@3x.png in Resources */,
				113F0E32294BB32C00CAE142 /* poland@3x.png in Resources */,
				113F0E33294BB32C00CAE142 /* uk@3x.png in Resources */,
				113F0E38294BB32C00CAE142 /* france@2x.png in Resources */,
				113F0E2C294BB32C00CAE142 /* italy@2x.png in Resources */,
				113F0E23294BB32C00CAE142 /* spain@2x.png in Resources */,
				113F0E29294BB32C00CAE142 /* germany@3x.png in Resources */,
				113F0E02294BB25A00CAE142 /* LaunchScreen.storyboard in Resources */,
				113F0E2D294BB32C00CAE142 /* poland@2x.png in Resources */,
				113F0DFF294BB25A00CAE142 /* Assets.xcassets in Resources */,
				113F0E27294BB32C00CAE142 /* italy@3x.png in Resources */,
				113F0E30294BB32C00CAE142 /* estonia@3x.png in Resources */,
				113F0E36294BB32C00CAE142 /* monaco@2x.png in Resources */,
				113F0DFD294BB25900CAE142 /* Main.storyboard in Resources */,
				113F0E28294BB32C00CAE142 /* ireland@2x.png in Resources */,
				113F0E2A294BB32C00CAE142 /* germany@2x.png in Resources */,
				113F0E34294BB32C00CAE142 /* us@3x.png in Resources */,
				113F0E26294BB32C00CAE142 /* spain@3x.png in Resources */,
				113F0E2E294BB32C00CAE142 /* russia@2x.png in Resources */,
				113F0E2F294BB32C00CAE142 /* estonia@2x.png in Resources */,
				113F0E31294BB32C00CAE142 /* russia@3x.png in Resources */,
				113F0E3A294BB32C00CAE142 /* uk@2x.png in Resources */,
				113F0E35294BB32C00CAE142 /* france@3x.png in Resources */,
				113F0E2B294BB32C00CAE142 /* ireland@3x.png in Resources */,
			);
			runOnlyForDeploymentPostprocessing = 0;
		};
/* End PBXResourcesBuildPhase section */

/* Begin PBXSourcesBuildPhase section */
		113F0DEE294BB25900CAE142 /* Sources */ = {
			isa = PBXSourcesBuildPhase;
			buildActionMask = 2147483647;
			files = (
				113F0DFA294BB25900CAE142 /* ViewController.swift in Sources */,
				113F0DF6294BB25900CAE142 /* AppDelegate.swift in Sources */,
				113F0DF8294BB25900CAE142 /* SceneDelegate.swift in Sources */,
				113F0E3D294BB62900CAE142 /* DetailViewController.swift in Sources */,
			);
			runOnlyForDeploymentPostprocessing = 0;
		};
/* End PBXSourcesBuildPhase section */

/* Begin PBXVariantGroup section */
		113F0DFB294BB25900CAE142 /* Main.storyboard */ = {
			isa = PBXVariantGroup;
			children = (
				113F0DFC294BB25900CAE142 /* Base */,
			);
			name = Main.storyboard;
			sourceTree = "<group>";
		};
		113F0E00294BB25A00CAE142 /* LaunchScreen.storyboard */ = {
			isa = PBXVariantGroup;
			children = (
				113F0E01294BB25A00CAE142 /* Base */,
			);
			name = LaunchScreen.storyboard;
			sourceTree = "<group>";
		};
/* End PBXVariantGroup section */

/* Begin XCBuildConfiguration section */
		113F0E04294BB25A00CAE142 /* Debug */ = {
			isa = XCBuildConfiguration;
			buildSettings = {
				ALWAYS_SEARCH_USER_PATHS = NO;
				CLANG_ANALYZER_NONNULL = YES;
				CLANG_ANALYZER_NUMBER_OBJECT_CONVERSION = YES_AGGRESSIVE;
				CLANG_CXX_LANGUAGE_STANDARD = "gnu++14";
				CLANG_CXX_LIBRARY = "libc++";
				CLANG_ENABLE_MODULES = YES;
				CLANG_ENABLE_OBJC_ARC = YES;
				CLANG_ENABLE_OBJC_WEAK = YES;
				CLANG_WARN_BLOCK_CAPTURE_AUTORELEASING = YES;
				CLANG_WARN_BOOL_CONVERSION = YES;
				CLANG_WARN_COMMA = YES;
				CLANG_WARN_CONSTANT_CONVERSION = YES;
				CLANG_WARN_DEPRECATED_OBJC_IMPLEMENTATIONS = YES;
				CLANG_WARN_DIRECT_OBJC_ISA_USAGE = YES_ERROR;
				CLANG_WARN_DOCUMENTATION_COMMENTS = YES;
				CLANG_WARN_EMPTY_BODY = YES;
				CLANG_WARN_ENUM_CONVERSION = YES;
				CLANG_WARN_INFINITE_RECURSION = YES;
				CLANG_WARN_INT_CONVERSION = YES;
				CLANG_WARN_NON_LITERAL_NULL_CONVERSION = YES;
				CLANG_WARN_OBJC_IMPLICIT_RETAIN_SELF = YES;
				CLANG_WARN_OBJC_LITERAL_CONVERSION = YES;
				CLANG_WARN_OBJC_ROOT_CLASS = YES_ERROR;
				CLANG_WARN_QUOTED_INCLUDE_IN_FRAMEWORK_HEADER = YES;
				CLANG_WARN_RANGE_LOOP_ANALYSIS = YES;
				CLANG_WARN_STRICT_PROTOTYPES = YES;
				CLANG_WARN_SUSPICIOUS_MOVE = YES;
				CLANG_WARN_UNGUARDED_AVAILABILITY = YES_AGGRESSIVE;
				CLANG_WARN_UNREACHABLE_CODE = YES;
				CLANG_WARN__DUPLICATE_METHOD_MATCH = YES;
				COPY_PHASE_STRIP = NO;
				DEBUG_INFORMATION_FORMAT = dwarf;
				ENABLE_STRICT_OBJC_MSGSEND = YES;
				ENABLE_TESTABILITY = YES;
				GCC_C_LANGUAGE_STANDARD = gnu11;
				GCC_DYNAMIC_NO_PIC = NO;
				GCC_NO_COMMON_BLOCKS = YES;
				GCC_OPTIMIZATION_LEVEL = 0;
				GCC_PREPROCESSOR_DEFINITIONS = (
					"DEBUG=1",
					"$(inherited)",
				);
				GCC_WARN_64_TO_32_BIT_CONVERSION = YES;
				GCC_WARN_ABOUT_RETURN_TYPE = YES_ERROR;
				GCC_WARN_UNDECLARED_SELECTOR = YES;
				GCC_WARN_UNINITIALIZED_AUTOS = YES_AGGRESSIVE;
				GCC_WARN_UNUSED_FUNCTION = YES;
				GCC_WARN_UNUSED_VARIABLE = YES;
				IPHONEOS_DEPLOYMENT_TARGET = 14.4;
				MTL_ENABLE_DEBUG_INFO = INCLUDE_SOURCE;
				MTL_FAST_MATH = YES;
				ONLY_ACTIVE_ARCH = YES;
				SDKROOT = iphoneos;
				SWIFT_ACTIVE_COMPILATION_CONDITIONS = DEBUG;
				SWIFT_OPTIMIZATION_LEVEL = "-Onone";
			};
			name = Debug;
		};
		113F0E05294BB25A00CAE142 /* Release */ = {
			isa = XCBuildConfiguration;
			buildSettings = {
				ALWAYS_SEARCH_USER_PATHS = NO;
				CLANG_ANALYZER_NONNULL = YES;
				CLANG_ANALYZER_NUMBER_OBJECT_CONVERSION = YES_AGGRESSIVE;
				CLANG_CXX_LANGUAGE_STANDARD = "gnu++14";
				CLANG_CXX_LIBRARY = "libc++";
				CLANG_ENABLE_MODULES = YES;
				CLANG_ENABLE_OBJC_ARC = YES;
				CLANG_ENABLE_OBJC_WEAK = YES;
				CLANG_WARN_BLOCK_CAPTURE_AUTORELEASING = YES;
				CLANG_WARN_BOOL_CONVERSION = YES;
				CLANG_WARN_COMMA = YES;
				CLANG_WARN_CONSTANT_CONVERSION = YES;
				CLANG_WARN_DEPRECATED_OBJC_IMPLEMENTATIONS = YES;
				CLANG_WARN_DIRECT_OBJC_ISA_USAGE = YES_ERROR;
				CLANG_WARN_DOCUMENTATION_COMMENTS = YES;
				CLANG_WARN_EMPTY_BODY = YES;
				CLANG_WARN_ENUM_CONVERSION = YES;
				CLANG_WARN_INFINITE_RECURSION = YES;
				CLANG_WARN_INT_CONVERSION = YES;
				CLANG_WARN_NON_LITERAL_NULL_CONVERSION = YES;
				CLANG_WARN_OBJC_IMPLICIT_RETAIN_SELF = YES;
				CLANG_WARN_OBJC_LITERAL_CONVERSION = YES;
				CLANG_WARN_OBJC_ROOT_CLASS = YES_ERROR;
				CLANG_WARN_QUOTED_INCLUDE_IN_FRAMEWORK_HEADER = YES;
				CLANG_WARN_RANGE_LOOP_ANALYSIS = YES;
				CLANG_WARN_STRICT_PROTOTYPES = YES;
				CLANG_WARN_SUSPICIOUS_MOVE = YES;
				CLANG_WARN_UNGUARDED_AVAILABILITY = YES_AGGRESSIVE;
				CLANG_WARN_UNREACHABLE_CODE = YES;
				CLANG_WARN__DUPLICATE_METHOD_MATCH = YES;
				COPY_PHASE_STRIP = NO;
				DEBUG_INFORMATION_FORMAT = "dwarf-with-dsym";
				ENABLE_NS_ASSERTIONS = NO;
				ENABLE_STRICT_OBJC_MSGSEND = YES;
				GCC_C_LANGUAGE_STANDARD = gnu11;
				GCC_NO_COMMON_BLOCKS = YES;
				GCC_WARN_64_TO_32_BIT_CONVERSION = YES;
				GCC_WARN_ABOUT_RETURN_TYPE = YES_ERROR;
				GCC_WARN_UNDECLARED_SELECTOR = YES;
				GCC_WARN_UNINITIALIZED_AUTOS = YES_AGGRESSIVE;
				GCC_WARN_UNUSED_FUNCTION = YES;
				GCC_WARN_UNUSED_VARIABLE = YES;
				IPHONEOS_DEPLOYMENT_TARGET = 14.4;
				MTL_ENABLE_DEBUG_INFO = NO;
				MTL_FAST_MATH = YES;
				SDKROOT = iphoneos;
				SWIFT_COMPILATION_MODE = wholemodule;
				SWIFT_OPTIMIZATION_LEVEL = "-O";
				VALIDATE_PRODUCT = YES;
			};
			name = Release;
		};
		113F0E07294BB25A00CAE142 /* Debug */ = {
			isa = XCBuildConfiguration;
			buildSettings = {
				ASSETCATALOG_COMPILER_APPICON_NAME = AppIcon;
				ASSETCATALOG_COMPILER_GLOBAL_ACCENT_COLOR_NAME = AccentColor;
				CODE_SIGN_STYLE = Automatic;
				INFOPLIST_FILE = Ministone/Info.plist;
				LD_RUNPATH_SEARCH_PATHS = (
					"$(inherited)",
					"@executable_path/Frameworks",
				);
				PRODUCT_BUNDLE_IDENTIFIER = Playgroung.Ministone;
				PRODUCT_NAME = "$(TARGET_NAME)";
				SWIFT_VERSION = 5.0;
				TARGETED_DEVICE_FAMILY = "1,2";
			};
			name = Debug;
		};
		113F0E08294BB25A00CAE142 /* Release */ = {
			isa = XCBuildConfiguration;
			buildSettings = {
				ASSETCATALOG_COMPILER_APPICON_NAME = AppIcon;
				ASSETCATALOG_COMPILER_GLOBAL_ACCENT_COLOR_NAME = AccentColor;
				CODE_SIGN_STYLE = Automatic;
				INFOPLIST_FILE = Ministone/Info.plist;
				LD_RUNPATH_SEARCH_PATHS = (
					"$(inherited)",
					"@executable_path/Frameworks",
				);
				PRODUCT_BUNDLE_IDENTIFIER = Playgroung.Ministone;
				PRODUCT_NAME = "$(TARGET_NAME)";
				SWIFT_VERSION = 5.0;
				TARGETED_DEVICE_FAMILY = "1,2";
			};
			name = Release;
		};
/* End XCBuildConfiguration section */

/* Begin XCConfigurationList section */
		113F0DED294BB25900CAE142 /* Build configuration list for PBXProject "Ministone" */ = {
			isa = XCConfigurationList;
			buildConfigurations = (
				113F0E04294BB25A00CAE142 /* Debug */,
				113F0E05294BB25A00CAE142 /* Release */,
			);
			defaultConfigurationIsVisible = 0;
			defaultConfigurationName = Release;
		};
		113F0E06294BB25A00CAE142 /* Build configuration list for PBXNativeTarget "Ministone" */ = {
			isa = XCConfigurationList;
			buildConfigurations = (
				113F0E07294BB25A00CAE142 /* Debug */,
				113F0E08294BB25A00CAE142 /* Release */,
			);
			defaultConfigurationIsVisible = 0;
			defaultConfigurationName = Release;
		};
/* End XCConfigurationList section */
	};
	rootObject = 113F0DEA294BB25900CAE142 /* Project object */;
}
